{
  "name": "front-DuckZone",
  "lockfileVersion": 3,
  "requires": true,
  "packages": {
    "": {
      "dependencies": {
        "@uidotdev/usehooks": "^2.4.1-experimental.1",
        "react": "^0.0.0-experimental-4beb1fd8-20241118",
        "react-dom": "^0.0.0-experimental-4beb1fd8-20241118",
        "react-native-sync-countdown": "^0.1.1"
      }
    },
    "node_modules/@uidotdev/usehooks": {
      "version": "2.4.1-experimental.1",
      "resolved": "https://registry.npmjs.org/@uidotdev/usehooks/-/usehooks-2.4.1-experimental.1.tgz",
      "integrity": "sha512-rcDUGS2Cpw6fTkdvYAytK+ej2nW0/ZNTAVvN9Eyj1Fu5XshsZPjnstDCDjkO/J6w7W9cwPWPoj4q4iiYW2seZA==",
      "engines": {
        "node": ">=16"
      },
      "peerDependencies": {
        "react": "0.0.0-experimental-bfb9cbd8c-20230223",
        "react-dom": "0.0.0-experimental-bfb9cbd8c-20230223"
      }
    },
    "node_modules/react": {
      "version": "0.0.0-experimental-4beb1fd8-20241118",
      "resolved": "https://registry.npmjs.org/react/-/react-0.0.0-experimental-4beb1fd8-20241118.tgz",
      "integrity": "sha512-SojDx9IQZXRbze+BNoLRiBDblVTMRebpOZyU2QyRk4ptJob78QiROi58uuE7yxrFMDQN4kBl6tqYkSwQaIM2nQ==",
      "engines": {
        "node": ">=0.10.0"
      }
    },
    "node_modules/react-dom": {
      "version": "0.0.0-experimental-4beb1fd8-20241118",
      "resolved": "https://registry.npmjs.org/react-dom/-/react-dom-0.0.0-experimental-4beb1fd8-20241118.tgz",
      "integrity": "sha512-/Gs2N/6hiuwqf2uuJ3UN/PWxpIncbuY7XY/IynlB2oNpopeV+x1MMXfNdse8TiPkpgg9aw+VUfQUlLPC52bKiQ==",
      "dependencies": {
        "scheduler": "0.0.0-experimental-4beb1fd8-20241118"
      },
      "peerDependencies": {
        "react": "0.0.0-experimental-4beb1fd8-20241118"
      }
    },
    "node_modules/react-native-sync-countdown": {
      "version": "0.1.1",
      "resolved": "https://registry.npmjs.org/react-native-sync-countdown/-/react-native-sync-countdown-0.1.1.tgz",
      "integrity": "sha512-c8hokVCF3nuw/L4GB3t1aneQQJEwHpAjtCm6kVftnBrZBU2qHjku3drCUd68stIWXpmHNBWTfx5A25iSxFExiw==",
      "license": "MIT",
      "peerDependencies": {
        "react": "*",
        "react-native": "*"
      }
    },
    "node_modules/scheduler": {
      "version": "0.0.0-experimental-4beb1fd8-20241118",
      "resolved": "https://registry.npmjs.org/scheduler/-/scheduler-0.0.0-experimental-4beb1fd8-20241118.tgz",
      "integrity": "sha512-b7GQktevD5BPcS+R5qY5se5oX4b8AHQyebWswGZBdLCmElIwR3Q+RO5EgsLOA4t5D3/TDjLm58CQG16uEB5rMA=="
    }
  }
}
