# THIS IS AN AUTOGENERATED FILE. DO NOT EDIT THIS FILE DIRECTLY.
# yarn lockfile v1


"@uidotdev/usehooks@^2.4.1-experimental.1":
  version "2.4.1-experimental.1"
  resolved "https://registry.npmjs.org/@uidotdev/usehooks/-/usehooks-2.4.1-experimental.1.tgz"
  integrity sha512-rcDUGS2Cpw6fTkdvYAytK+ej2nW0/ZNTAVvN9Eyj1Fu5XshsZPjnstDCDjkO/J6w7W9cwPWPoj4q4iiYW2seZA==

lodash.debounce@^4.0.8:
  version "4.0.8"
  resolved "https://registry.yarnpkg.com/lodash.debounce/-/lodash.debounce-4.0.8.tgz#82d79bff30a67c4005ffd5e2515300ad9ca4d7af"
  integrity sha512-FT1yDzDYEoYWhnSGnpE/4Kj1fLZkDFyqRb7fNt6FdYOSxlUWAtp42Eh6Wb0rGIv/m9Bgo7x4GhQbm5Ys4SG5ow==

react-countdown-hook@^1.1.3:
  version "1.1.3"
  resolved "https://registry.yarnpkg.com/react-countdown-hook/-/react-countdown-hook-1.1.3.tgz#04609f3243ee71aadceb5ddfcd538a813a3443ea"
  integrity sha512-MY4Kr8wXMtCjDF45kehMP7R/OwekilHxznK1RRnuvgelOVqT0noaW9Fqm2A9J2AZIEnfJHpe47KEVEEq212R8w==

react-dom@^0.0.0-experimental-4beb1fd8-20241118:
  version "0.0.0-experimental-4beb1fd8-20241118"
  resolved "https://registry.npmjs.org/react-dom/-/react-dom-0.0.0-experimental-4beb1fd8-20241118.tgz"
  integrity sha512-/Gs2N/6hiuwqf2uuJ3UN/PWxpIncbuY7XY/IynlB2oNpopeV+x1MMXfNdse8TiPkpgg9aw+VUfQUlLPC52bKiQ==
  dependencies:
    scheduler "0.0.0-experimental-4beb1fd8-20241118"

react-native-sync-countdown@^0.1.1:
  version "0.1.1"
  resolved "https://registry.npmjs.org/react-native-sync-countdown/-/react-native-sync-countdown-0.1.1.tgz"
  integrity sha512-c8hokVCF3nuw/L4GB3t1aneQQJEwHpAjtCm6kVftnBrZBU2qHjku3drCUd68stIWXpmHNBWTfx5A25iSxFExiw==

react@^0.0.0-experimental-4beb1fd8-20241118:
  version "0.0.0-experimental-4beb1fd8-20241118"
  resolved "https://registry.npmjs.org/react/-/react-0.0.0-experimental-4beb1fd8-20241118.tgz"
  integrity sha512-SojDx9IQZXRbze+BNoLRiBDblVTMRebpOZyU2QyRk4ptJob78QiROi58uuE7yxrFMDQN4kBl6tqYkSwQaIM2nQ==

scheduler@0.0.0-experimental-4beb1fd8-20241118:
  version "0.0.0-experimental-4beb1fd8-20241118"
  resolved "https://registry.npmjs.org/scheduler/-/scheduler-0.0.0-experimental-4beb1fd8-20241118.tgz"
  integrity sha512-b7GQktevD5BPcS+R5qY5se5oX4b8AHQyebWswGZBdLCmElIwR3Q+RO5EgsLOA4t5D3/TDjLm58CQG16uEB5rMA==

usehooks-ts@^3.1.0:
  version "3.1.0"
  resolved "https://registry.yarnpkg.com/usehooks-ts/-/usehooks-ts-3.1.0.tgz#156119f36efc85f1b1952616c02580f140950eca"
  integrity sha512-bBIa7yUyPhE1BCc0GmR96VU/15l/9gP1Ch5mYdLcFBaFGQsdmXkvjV0TtOqW1yUd6VjIwDunm+flSciCQXujiw==
  dependencies:
    lodash.debounce "^4.0.8"
